{
    "name": "tiltak-refusjon-arbeidsgiver",
    "version": "1.0.0",
    "lockfileVersion": 3,
    "requires": true,
    "packages": {
        "": {
            "name": "tiltak-refusjon-arbeidsgiver",
            "version": "1.0.0",
            "license": "MIT",
            "dependencies": {
                "axios": "1.7.7",
                "body-parser": "1.20.2",
                "cors": "2.8.5",
                "dotenv": "16.4.5",
                "express": "4.20.0",
                "express-async-handler": "1.2.0",
                "express-http-proxy": "2.1.1",
                "express-session": "1.18.0",
                "helmet": "7.1.0",
                "http-proxy-middleware": "3.0.2",
                "openid-client": "5.6.5",
                "passport": "0.7.0",
                "tunnel": "0.0.6",
                "winston": "3.14.2"
            }
        },
        "node_modules/@colors/colors": {
            "version": "1.6.0",
            "resolved": "https://registry.npmjs.org/@colors/colors/-/colors-1.6.0.tgz",
            "integrity": "sha512-Ir+AOibqzrIsL6ajt3Rz3LskB7OiMVHqltZmspbW/TJuTVuyOMirVqAkjfY6JISiLHgyNqicAC8AyHHGzNd/dA==",
            "engines": {
                "node": ">=0.1.90"
            }
        },
        "node_modules/@dabh/diagnostics": {
            "version": "2.0.3",
            "license": "MIT",
            "dependencies": {
                "colorspace": "1.1.x",
                "enabled": "2.0.x",
                "kuler": "^2.0.0"
            }
        },
        "node_modules/@types/http-proxy": {
            "version": "1.17.15",
            "resolved": "https://registry.npmjs.org/@types/http-proxy/-/http-proxy-1.17.15.tgz",
            "integrity": "sha512-25g5atgiVNTIv0LBDTg1H74Hvayx0ajtJPLLcYE3whFv75J0pWNtOBzaXJQgDTmrX1bx5U9YC2w/n65BN1HwRQ==",
            "dependencies": {
                "@types/node": "*"
            }
        },
        "node_modules/@types/node": {
            "version": "22.5.4",
            "resolved": "https://registry.npmjs.org/@types/node/-/node-22.5.4.tgz",
            "integrity": "sha512-FDuKUJQm/ju9fT/SeX/6+gBzoPzlVCzfzmGkwKvRHQVxi4BntVbyIwf6a4Xn62mrvndLiml6z/UBXIdEVjQLXg==",
            "dependencies": {
                "undici-types": "~6.19.2"
            }
        },
        "node_modules/@types/triple-beam": {
            "version": "1.3.5",
            "resolved": "https://registry.npmjs.org/@types/triple-beam/-/triple-beam-1.3.5.tgz",
            "integrity": "sha512-6WaYesThRMCl19iryMYP7/x2OVgCtbIVflDGFpWnb9irXI3UjYE4AzmYuiUKY1AJstGijoY+MgUszMgRxIYTYw=="
        },
        "node_modules/accepts": {
            "version": "1.3.8",
            "license": "MIT",
            "dependencies": {
                "mime-types": "~2.1.34",
                "negotiator": "0.6.3"
            },
            "engines": {
                "node": ">= 0.6"
            }
        },
        "node_modules/array-flatten": {
            "version": "1.1.1",
            "license": "MIT"
        },
        "node_modules/async": {
            "version": "3.2.5",
            "license": "MIT"
        },
        "node_modules/asynckit": {
            "version": "0.4.0",
            "license": "MIT"
        },
        "node_modules/axios": {
            "version": "1.7.7",
            "resolved": "https://registry.npmjs.org/axios/-/axios-1.7.7.tgz",
            "integrity": "sha512-S4kL7XrjgBmvdGut0sN3yJxqYzrDOnivkBiN0OFs6hLiUam3UPvswUo0kqGyhqUZGEOytHyumEdXsAkgCOUf3Q==",
            "dependencies": {
                "follow-redirects": "^1.15.6",
                "form-data": "^4.0.0",
                "proxy-from-env": "^1.1.0"
            }
        },
        "node_modules/body-parser": {
            "version": "1.20.2",
            "license": "MIT",
            "dependencies": {
                "bytes": "3.1.2",
                "content-type": "~1.0.5",
                "debug": "2.6.9",
                "depd": "2.0.0",
                "destroy": "1.2.0",
                "http-errors": "2.0.0",
                "iconv-lite": "0.4.24",
                "on-finished": "2.4.1",
                "qs": "6.11.0",
                "raw-body": "2.5.2",
                "type-is": "~1.6.18",
                "unpipe": "1.0.0"
            },
            "engines": {
                "node": ">= 0.8",
                "npm": "1.2.8000 || >= 1.4.16"
            }
        },
        "node_modules/braces": {
            "version": "3.0.3",
            "resolved": "https://registry.npmjs.org/braces/-/braces-3.0.3.tgz",
            "integrity": "sha512-yQbXgO/OSZVD2IsiLlro+7Hf6Q18EJrKSEsdoMzKePKXct3gvD8oLcOQdIzGupr5Fj+EDe8gO/lxc1BzfMpxvA==",
            "dependencies": {
                "fill-range": "^7.1.1"
            },
            "engines": {
                "node": ">=8"
            }
        },
        "node_modules/bytes": {
            "version": "3.1.2",
            "license": "MIT",
            "engines": {
                "node": ">= 0.8"
            }
        },
        "node_modules/call-bind": {
            "version": "1.0.7",
            "resolved": "https://registry.npmjs.org/call-bind/-/call-bind-1.0.7.tgz",
            "integrity": "sha512-GHTSNSYICQ7scH7sZ+M2rFopRoLh8t2bLSW6BbgrtLsahOIB5iyAVJf9GjWK3cYTDaMj4XdBpM1cA6pIS0Kv2w==",
            "dependencies": {
                "es-define-property": "^1.0.0",
                "es-errors": "^1.3.0",
                "function-bind": "^1.1.2",
                "get-intrinsic": "^1.2.4",
                "set-function-length": "^1.2.1"
            },
            "engines": {
                "node": ">= 0.4"
            },
            "funding": {
                "url": "https://github.com/sponsors/ljharb"
            }
        },
        "node_modules/color": {
            "version": "3.2.1",
            "license": "MIT",
            "dependencies": {
                "color-convert": "^1.9.3",
                "color-string": "^1.6.0"
            }
        },
        "node_modules/color-convert": {
            "version": "1.9.3",
            "license": "MIT",
            "dependencies": {
                "color-name": "1.1.3"
            }
        },
        "node_modules/color-name": {
            "version": "1.1.3",
            "license": "MIT"
        },
        "node_modules/color-string": {
            "version": "1.9.1",
            "license": "MIT",
            "dependencies": {
                "color-name": "^1.0.0",
                "simple-swizzle": "^0.2.2"
            }
        },
        "node_modules/color-string/node_modules/color-name": {
            "version": "1.1.4",
            "license": "MIT"
        },
        "node_modules/colorspace": {
            "version": "1.1.4",
            "license": "MIT",
            "dependencies": {
                "color": "^3.1.3",
                "text-hex": "1.0.x"
            }
        },
        "node_modules/combined-stream": {
            "version": "1.0.8",
            "license": "MIT",
            "dependencies": {
                "delayed-stream": "~1.0.0"
            },
            "engines": {
                "node": ">= 0.8"
            }
        },
        "node_modules/content-disposition": {
            "version": "0.5.4",
            "license": "MIT",
            "dependencies": {
                "safe-buffer": "5.2.1"
            },
            "engines": {
                "node": ">= 0.6"
            }
        },
        "node_modules/content-type": {
            "version": "1.0.5",
            "license": "MIT",
            "engines": {
                "node": ">= 0.6"
            }
        },
        "node_modules/cookie": {
            "version": "0.6.0",
            "resolved": "https://registry.npmjs.org/cookie/-/cookie-0.6.0.tgz",
            "integrity": "sha512-U71cyTamuh1CRNCfpGY6to28lxvNwPG4Guz/EVjgf3Jmzv0vlDp1atT9eS5dDjMYHucpHbWns6Lwf3BKz6svdw==",
            "engines": {
                "node": ">= 0.6"
            }
        },
        "node_modules/cookie-signature": {
            "version": "1.0.6",
            "license": "MIT"
        },
        "node_modules/cors": {
            "version": "2.8.5",
            "license": "MIT",
            "dependencies": {
                "object-assign": "^4",
                "vary": "^1"
            },
            "engines": {
                "node": ">= 0.10"
            }
        },
        "node_modules/debug": {
            "version": "2.6.9",
            "license": "MIT",
            "dependencies": {
                "ms": "2.0.0"
            }
        },
        "node_modules/debug/node_modules/ms": {
            "version": "2.0.0",
            "license": "MIT"
        },
        "node_modules/define-data-property": {
            "version": "1.1.4",
            "resolved": "https://registry.npmjs.org/define-data-property/-/define-data-property-1.1.4.tgz",
            "integrity": "sha512-rBMvIzlpA8v6E+SJZoo++HAYqsLrkg7MSfIinMPFhmkorw7X+dOXVJQs+QT69zGkzMyfDnIMN2Wid1+NbL3T+A==",
            "dependencies": {
                "es-define-property": "^1.0.0",
                "es-errors": "^1.3.0",
                "gopd": "^1.0.1"
            },
            "engines": {
                "node": ">= 0.4"
            },
            "funding": {
                "url": "https://github.com/sponsors/ljharb"
            }
        },
        "node_modules/delayed-stream": {
            "version": "1.0.0",
            "license": "MIT",
            "engines": {
                "node": ">=0.4.0"
            }
        },
        "node_modules/depd": {
            "version": "2.0.0",
            "license": "MIT",
            "engines": {
                "node": ">= 0.8"
            }
        },
        "node_modules/destroy": {
            "version": "1.2.0",
            "license": "MIT",
            "engines": {
                "node": ">= 0.8",
                "npm": "1.2.8000 || >= 1.4.16"
            }
        },
        "node_modules/dotenv": {
            "version": "16.4.5",
            "resolved": "https://registry.npmjs.org/dotenv/-/dotenv-16.4.5.tgz",
            "integrity": "sha512-ZmdL2rui+eB2YwhsWzjInR8LldtZHGDoQ1ugH85ppHKwpUHL7j7rN0Ti9NCnGiQbhaZ11FpR+7ao1dNsmduNUg==",
            "engines": {
                "node": ">=12"
            },
            "funding": {
                "url": "https://dotenvx.com"
            }
        },
        "node_modules/ee-first": {
            "version": "1.1.1",
            "license": "MIT"
        },
        "node_modules/enabled": {
            "version": "2.0.0",
            "license": "MIT"
        },
        "node_modules/encodeurl": {
            "version": "1.0.2",
            "license": "MIT",
            "engines": {
                "node": ">= 0.8"
            }
        },
        "node_modules/es-define-property": {
            "version": "1.0.0",
            "resolved": "https://registry.npmjs.org/es-define-property/-/es-define-property-1.0.0.tgz",
            "integrity": "sha512-jxayLKShrEqqzJ0eumQbVhTYQM27CfT1T35+gCgDFoL82JLsXqTJ76zv6A0YLOgEnLUMvLzsDsGIrl8NFpT2gQ==",
            "dependencies": {
                "get-intrinsic": "^1.2.4"
            },
            "engines": {
                "node": ">= 0.4"
            }
        },
        "node_modules/es-errors": {
            "version": "1.3.0",
            "resolved": "https://registry.npmjs.org/es-errors/-/es-errors-1.3.0.tgz",
            "integrity": "sha512-Zf5H2Kxt2xjTvbJvP2ZWLEICxA6j+hAmMzIlypy4xcBg1vKVnx89Wy0GbS+kf5cwCVFFzdCFh2XSCFNULS6csw==",
            "engines": {
                "node": ">= 0.4"
            }
        },
        "node_modules/es6-promise": {
            "version": "4.2.8",
            "license": "MIT"
        },
        "node_modules/escape-html": {
            "version": "1.0.3",
            "license": "MIT"
        },
        "node_modules/etag": {
            "version": "1.8.1",
            "resolved": "https://registry.npmjs.org/etag/-/etag-1.8.1.tgz",
            "integrity": "sha512-aIL5Fx7mawVa300al2BnEE4iNvo1qETxLrPI/o05L7z6go7fCw1J6EQmbK4FmJ2AS7kgVF/KEZWufBfdClMcPg==",
            "engines": {
                "node": ">= 0.6"
            }
        },
        "node_modules/eventemitter3": {
            "version": "4.0.7",
            "license": "MIT"
        },
        "node_modules/express": {
            "version": "4.20.0",
            "resolved": "https://registry.npmjs.org/express/-/express-4.20.0.tgz",
            "integrity": "sha512-pLdae7I6QqShF5PnNTCVn4hI91Dx0Grkn2+IAsMTgMIKuQVte2dN9PeGSSAME2FR8anOhVA62QDIUaWVfEXVLw==",
            "dependencies": {
                "accepts": "~1.3.8",
                "array-flatten": "1.1.1",
                "body-parser": "1.20.3",
                "content-disposition": "0.5.4",
                "content-type": "~1.0.4",
                "cookie": "0.6.0",
                "cookie-signature": "1.0.6",
                "debug": "2.6.9",
                "depd": "2.0.0",
                "encodeurl": "~2.0.0",
                "escape-html": "~1.0.3",
                "etag": "~1.8.1",
                "finalhandler": "1.2.0",
                "fresh": "0.5.2",
                "http-errors": "2.0.0",
                "merge-descriptors": "1.0.3",
                "methods": "~1.1.2",
                "on-finished": "2.4.1",
                "parseurl": "~1.3.3",
                "path-to-regexp": "0.1.10",
                "proxy-addr": "~2.0.7",
                "qs": "6.11.0",
                "range-parser": "~1.2.1",
                "safe-buffer": "5.2.1",
                "send": "0.19.0",
                "serve-static": "1.16.0",
                "setprototypeof": "1.2.0",
                "statuses": "2.0.1",
                "type-is": "~1.6.18",
                "utils-merge": "1.0.1",
                "vary": "~1.1.2"
            },
            "engines": {
                "node": ">= 0.10.0"
            }
        },
        "node_modules/express-async-handler": {
            "version": "1.2.0",
            "license": "MIT"
        },
        "node_modules/express-http-proxy": {
            "version": "2.1.1",
            "resolved": "https://registry.npmjs.org/express-http-proxy/-/express-http-proxy-2.1.1.tgz",
            "integrity": "sha512-4aRQRqDQU7qNPV5av0/hLcyc0guB9UP71nCYrQEYml7YphTo8tmWf3nDZWdTJMMjFikyz9xKXaURor7Chygdwg==",
            "dependencies": {
                "debug": "^3.0.1",
                "es6-promise": "^4.1.1",
                "raw-body": "^2.3.0"
            },
            "engines": {
                "node": ">=6.0.0"
            }
        },
        "node_modules/express-http-proxy/node_modules/debug": {
            "version": "3.2.7",
            "license": "MIT",
            "dependencies": {
                "ms": "^2.1.1"
            }
        },
        "node_modules/express-session": {
            "version": "1.18.0",
            "resolved": "https://registry.npmjs.org/express-session/-/express-session-1.18.0.tgz",
            "integrity": "sha512-m93QLWr0ju+rOwApSsyso838LQwgfs44QtOP/WBiwtAgPIo/SAh1a5c6nn2BR6mFNZehTpqKDESzP+fRHVbxwQ==",
            "dependencies": {
                "cookie": "0.6.0",
                "cookie-signature": "1.0.7",
                "debug": "2.6.9",
                "depd": "~2.0.0",
                "on-headers": "~1.0.2",
                "parseurl": "~1.3.3",
                "safe-buffer": "5.2.1",
                "uid-safe": "~2.1.5"
            },
            "engines": {
                "node": ">= 0.8.0"
            }
        },
        "node_modules/express-session/node_modules/cookie-signature": {
            "version": "1.0.7",
            "resolved": "https://registry.npmjs.org/cookie-signature/-/cookie-signature-1.0.7.tgz",
            "integrity": "sha512-NXdYc3dLr47pBkpUCHtKSwIOQXLVn8dZEuywboCOJY/osA0wFSLlSawr3KN8qXJEyX66FcONTH8EIlVuK0yyFA=="
        },
        "node_modules/express/node_modules/body-parser": {
            "version": "1.20.3",
            "resolved": "https://registry.npmjs.org/body-parser/-/body-parser-1.20.3.tgz",
            "integrity": "sha512-7rAxByjUMqQ3/bHJy7D6OGXvx/MMc4IqBn/X0fcM1QUcAItpZrBEYhWGem+tzXH90c+G01ypMcYJBO9Y30203g==",
            "dependencies": {
                "bytes": "3.1.2",
                "content-type": "~1.0.5",
                "debug": "2.6.9",
                "depd": "2.0.0",
                "destroy": "1.2.0",
                "http-errors": "2.0.0",
                "iconv-lite": "0.4.24",
                "on-finished": "2.4.1",
                "qs": "6.13.0",
                "raw-body": "2.5.2",
                "type-is": "~1.6.18",
                "unpipe": "1.0.0"
            },
            "engines": {
                "node": ">= 0.8",
                "npm": "1.2.8000 || >= 1.4.16"
            }
        },
        "node_modules/express/node_modules/body-parser/node_modules/qs": {
            "version": "6.13.0",
            "resolved": "https://registry.npmjs.org/qs/-/qs-6.13.0.tgz",
            "integrity": "sha512-+38qI9SOr8tfZ4QmJNplMUxqjbe7LKvvZgWdExBOmd+egZTtjLB67Gu0HRX3u/XOq7UU2Nx6nsjvS16Z9uwfpg==",
            "dependencies": {
                "side-channel": "^1.0.6"
            },
            "engines": {
                "node": ">=0.6"
            },
            "funding": {
                "url": "https://github.com/sponsors/ljharb"
            }
        },
        "node_modules/express/node_modules/encodeurl": {
            "version": "2.0.0",
            "resolved": "https://registry.npmjs.org/encodeurl/-/encodeurl-2.0.0.tgz",
            "integrity": "sha512-Q0n9HRi4m6JuGIV1eFlmvJB7ZEVxu93IrMyiMsGC0lrMJMWzRgx6WGquyfQgZVb31vhGgXnfmPNNXmxnOkRBrg==",
            "engines": {
                "node": ">= 0.8"
            }
        },
        "node_modules/fecha": {
            "version": "4.2.3",
            "resolved": "https://registry.npmjs.org/fecha/-/fecha-4.2.3.tgz",
            "integrity": "sha512-OP2IUU6HeYKJi3i0z4A19kHMQoLVs4Hc+DPqqxI2h/DPZHTm/vjsfC6P0b4jCMy14XizLBqvndQ+UilD7707Jw=="
        },
        "node_modules/fill-range": {
            "version": "7.1.1",
            "resolved": "https://registry.npmjs.org/fill-range/-/fill-range-7.1.1.tgz",
            "integrity": "sha512-YsGpe3WHLK8ZYi4tWDg2Jy3ebRz2rXowDxnld4bkQB00cc/1Zw9AWnC0i9ztDJitivtQvaI9KaLyKrc+hBW0yg==",
            "dependencies": {
                "to-regex-range": "^5.0.1"
            },
            "engines": {
                "node": ">=8"
            }
        },
        "node_modules/finalhandler": {
            "version": "1.2.0",
            "license": "MIT",
            "dependencies": {
                "debug": "2.6.9",
                "encodeurl": "~1.0.2",
                "escape-html": "~1.0.3",
                "on-finished": "2.4.1",
                "parseurl": "~1.3.3",
                "statuses": "2.0.1",
                "unpipe": "~1.0.0"
            },
            "engines": {
                "node": ">= 0.8"
            }
        },
        "node_modules/fn.name": {
            "version": "1.1.0",
            "license": "MIT"
        },
        "node_modules/follow-redirects": {
            "version": "1.15.6",
            "resolved": "https://registry.npmjs.org/follow-redirects/-/follow-redirects-1.15.6.tgz",
            "integrity": "sha512-wWN62YITEaOpSK584EZXJafH1AGpO8RVgElfkuXbTOrPX4fIfOyEpW/CsiNd8JdYrAoOvafRTOEnvsO++qCqFA==",
            "funding": [
                {
                    "type": "individual",
                    "url": "https://github.com/sponsors/RubenVerborgh"
                }
            ],
            "engines": {
                "node": ">=4.0"
            },
            "peerDependenciesMeta": {
                "debug": {
                    "optional": true
                }
            }
        },
        "node_modules/form-data": {
            "version": "4.0.0",
            "license": "MIT",
            "dependencies": {
                "asynckit": "^0.4.0",
                "combined-stream": "^1.0.8",
                "mime-types": "^2.1.12"
            },
            "engines": {
                "node": ">= 6"
            }
        },
        "node_modules/forwarded": {
            "version": "0.2.0",
            "license": "MIT",
            "engines": {
                "node": ">= 0.6"
            }
        },
        "node_modules/fresh": {
            "version": "0.5.2",
            "resolved": "https://registry.npmjs.org/fresh/-/fresh-0.5.2.tgz",
            "integrity": "sha512-zJ2mQYM18rEFOudeV4GShTGIQ7RbzA7ozbU9I/XBpm7kqgMywgmylMwXHxZJmkVoYkna9d2pVXVXPdYTP9ej8Q==",
            "engines": {
                "node": ">= 0.6"
            }
        },
        "node_modules/function-bind": {
            "version": "1.1.2",
            "resolved": "https://registry.npmjs.org/function-bind/-/function-bind-1.1.2.tgz",
            "integrity": "sha512-7XHNxH7qX9xG5mIwxkhumTox/MIRNcOgDrxWsMt2pAr23WHp6MrRlN7FBSFpCpr+oVO0F744iUgR82nJMfG2SA==",
            "funding": {
                "url": "https://github.com/sponsors/ljharb"
            }
        },
        "node_modules/get-intrinsic": {
            "version": "1.2.4",
            "resolved": "https://registry.npmjs.org/get-intrinsic/-/get-intrinsic-1.2.4.tgz",
            "integrity": "sha512-5uYhsJH8VJBTv7oslg4BznJYhDoRI6waYCxMmCdnTrcCrHA/fCFKoTFz2JKKE0HdDFUF7/oQuhzumXJK7paBRQ==",
            "dependencies": {
                "es-errors": "^1.3.0",
                "function-bind": "^1.1.2",
                "has-proto": "^1.0.1",
                "has-symbols": "^1.0.3",
                "hasown": "^2.0.0"
            },
            "engines": {
                "node": ">= 0.4"
            },
            "funding": {
                "url": "https://github.com/sponsors/ljharb"
            }
        },
        "node_modules/gopd": {
            "version": "1.0.1",
            "resolved": "https://registry.npmjs.org/gopd/-/gopd-1.0.1.tgz",
            "integrity": "sha512-d65bNlIadxvpb/A2abVdlqKqV563juRnZ1Wtk6s1sIR8uNsXR70xqIzVqxVf1eTqDunwT2MkczEeaezCKTZhwA==",
            "dependencies": {
                "get-intrinsic": "^1.1.3"
            },
            "funding": {
                "url": "https://github.com/sponsors/ljharb"
            }
        },
        "node_modules/has-property-descriptors": {
            "version": "1.0.2",
            "resolved": "https://registry.npmjs.org/has-property-descriptors/-/has-property-descriptors-1.0.2.tgz",
            "integrity": "sha512-55JNKuIW+vq4Ke1BjOTjM2YctQIvCT7GFzHwmfZPGo5wnrgkid0YQtnAleFSqumZm4az3n2BS+erby5ipJdgrg==",
            "dependencies": {
                "es-define-property": "^1.0.0"
            },
            "funding": {
                "url": "https://github.com/sponsors/ljharb"
            }
        },
        "node_modules/has-proto": {
            "version": "1.0.3",
            "resolved": "https://registry.npmjs.org/has-proto/-/has-proto-1.0.3.tgz",
            "integrity": "sha512-SJ1amZAJUiZS+PhsVLf5tGydlaVB8EdFpaSO4gmiUKUOxk8qzn5AIy4ZeJUmh22znIdk/uMAUT2pl3FxzVUH+Q==",
            "engines": {
                "node": ">= 0.4"
            },
            "funding": {
                "url": "https://github.com/sponsors/ljharb"
            }
        },
        "node_modules/has-symbols": {
            "version": "1.0.3",
            "resolved": "https://registry.npmjs.org/has-symbols/-/has-symbols-1.0.3.tgz",
            "integrity": "sha512-l3LCuF6MgDNwTDKkdYGEihYjt5pRPbEg46rtlmnSPlUbgmB8LOIrKJbYYFBSbnPaJexMKtiPO8hmeRjRz2Td+A==",
            "engines": {
                "node": ">= 0.4"
            },
            "funding": {
                "url": "https://github.com/sponsors/ljharb"
            }
        },
        "node_modules/hasown": {
            "version": "2.0.2",
            "resolved": "https://registry.npmjs.org/hasown/-/hasown-2.0.2.tgz",
            "integrity": "sha512-0hJU9SCPvmMzIBdZFqNPXWa6dqh7WdH0cII9y+CyS8rG3nL48Bclra9HmKhVVUHyPWNH5Y7xDwAB7bfgSjkUMQ==",
            "dependencies": {
                "function-bind": "^1.1.2"
            },
            "engines": {
                "node": ">= 0.4"
            }
        },
        "node_modules/helmet": {
            "version": "7.1.0",
            "license": "MIT",
            "engines": {
                "node": ">=16.0.0"
            }
        },
        "node_modules/http-errors": {
            "version": "2.0.0",
            "license": "MIT",
            "dependencies": {
                "depd": "2.0.0",
                "inherits": "2.0.4",
                "setprototypeof": "1.2.0",
                "statuses": "2.0.1",
                "toidentifier": "1.0.1"
            },
            "engines": {
                "node": ">= 0.8"
            }
        },
        "node_modules/http-proxy": {
            "version": "1.18.1",
            "license": "MIT",
            "dependencies": {
                "eventemitter3": "^4.0.0",
                "follow-redirects": "^1.0.0",
                "requires-port": "^1.0.0"
            },
            "engines": {
                "node": ">=8.0.0"
            }
        },
        "node_modules/http-proxy-middleware": {
            "version": "3.0.2",
            "resolved": "https://registry.npmjs.org/http-proxy-middleware/-/http-proxy-middleware-3.0.2.tgz",
            "integrity": "sha512-fBLFpmvDzlxdckwZRjM0wWtwDZ4KBtQ8NFqhrFKoEtK4myzuiumBuNTxD+F4cVbXfOZljIbrynmvByofDzT7Ag==",
            "dependencies": {
                "@types/http-proxy": "^1.17.15",
                "debug": "^4.3.6",
                "http-proxy": "^1.18.1",
                "is-glob": "^4.0.3",
                "is-plain-object": "^5.0.0",
                "micromatch": "^4.0.8"
            },
            "engines": {
                "node": "^14.15.0 || ^16.10.0 || >=18.0.0"
            }
        },
        "node_modules/http-proxy-middleware/node_modules/debug": {
            "version": "4.3.7",
            "resolved": "https://registry.npmjs.org/debug/-/debug-4.3.7.tgz",
            "integrity": "sha512-Er2nc/H7RrMXZBFCEim6TCmMk02Z8vLC2Rbi1KEBggpo0fS6l0S1nnapwmIi3yW/+GOJap1Krg4w0Hg80oCqgQ==",
            "dependencies": {
                "ms": "^2.1.3"
            },
            "engines": {
                "node": ">=6.0"
            },
            "peerDependenciesMeta": {
                "supports-color": {
                    "optional": true
                }
            }
        },
        "node_modules/iconv-lite": {
            "version": "0.4.24",
            "license": "MIT",
            "dependencies": {
                "safer-buffer": ">= 2.1.2 < 3"
            },
            "engines": {
                "node": ">=0.10.0"
            }
        },
        "node_modules/inherits": {
            "version": "2.0.4",
            "license": "ISC"
        },
        "node_modules/ipaddr.js": {
            "version": "1.9.1",
            "license": "MIT",
            "engines": {
                "node": ">= 0.10"
            }
        },
        "node_modules/is-arrayish": {
            "version": "0.3.2",
            "license": "MIT"
        },
        "node_modules/is-extglob": {
            "version": "2.1.1",
            "license": "MIT",
            "engines": {
                "node": ">=0.10.0"
            }
        },
        "node_modules/is-glob": {
            "version": "4.0.3",
            "license": "MIT",
            "dependencies": {
                "is-extglob": "^2.1.1"
            },
            "engines": {
                "node": ">=0.10.0"
            }
        },
        "node_modules/is-number": {
            "version": "7.0.0",
            "resolved": "https://registry.npmjs.org/is-number/-/is-number-7.0.0.tgz",
            "integrity": "sha512-41Cifkg6e8TylSpdtTpeLVMqvSBEVzTttHvERD741+pnZ8ANv0004MRL43QKPDlK9cGvNp6NZWZUBlbGXYxxng==",
            "engines": {
                "node": ">=0.12.0"
            }
        },
        "node_modules/is-plain-object": {
            "version": "5.0.0",
            "resolved": "https://registry.npmjs.org/is-plain-object/-/is-plain-object-5.0.0.tgz",
            "integrity": "sha512-VRSzKkbMm5jMDoKLbltAkFQ5Qr7VDiTFGXxYFXXowVj387GeGNOCsOH6Msy00SGZ3Fp84b1Naa1psqgcCIEP5Q==",
            "engines": {
                "node": ">=0.10.0"
            }
        },
        "node_modules/is-stream": {
            "version": "2.0.1",
            "license": "MIT",
            "engines": {
                "node": ">=8"
            },
            "funding": {
                "url": "https://github.com/sponsors/sindresorhus"
            }
        },
        "node_modules/jose": {
            "version": "4.15.9",
            "resolved": "https://registry.npmjs.org/jose/-/jose-4.15.9.tgz",
            "integrity": "sha512-1vUQX+IdDMVPj4k8kOxgUqlcK518yluMuGZwqlr44FS1ppZB/5GWh4rZG89erpOBOJjU/OBsnCVFfapsRz6nEA==",
            "funding": {
                "url": "https://github.com/sponsors/panva"
            }
        },
        "node_modules/kuler": {
            "version": "2.0.0",
            "license": "MIT"
        },
        "node_modules/logform": {
            "version": "2.6.0",
            "resolved": "https://registry.npmjs.org/logform/-/logform-2.6.0.tgz",
            "integrity": "sha512-1ulHeNPp6k/LD8H91o7VYFBng5i1BDE7HoKxVbZiGFidS1Rj65qcywLxX+pVfAPoQJEjRdvKcusKwOupHCVOVQ==",
            "dependencies": {
                "@colors/colors": "1.6.0",
                "@types/triple-beam": "^1.3.2",
                "fecha": "^4.2.0",
                "ms": "^2.1.1",
                "safe-stable-stringify": "^2.3.1",
                "triple-beam": "^1.3.0"
            },
            "engines": {
                "node": ">= 12.0.0"
            }
        },
        "node_modules/lru-cache": {
            "version": "6.0.0",
            "license": "ISC",
            "dependencies": {
                "yallist": "^4.0.0"
            },
            "engines": {
                "node": ">=10"
            }
        },
        "node_modules/media-typer": {
            "version": "0.3.0",
            "license": "MIT",
            "engines": {
                "node": ">= 0.6"
            }
        },
        "node_modules/merge-descriptors": {
            "version": "1.0.3",
            "resolved": "https://registry.npmjs.org/merge-descriptors/-/merge-descriptors-1.0.3.tgz",
            "integrity": "sha512-gaNvAS7TZ897/rVaZ0nMtAyxNyi/pdbjbAwUpFQpN70GqnVfOiXpeUUMKRBmzXaSQ8DdTX4/0ms62r2K+hE6mQ==",
            "funding": {
                "url": "https://github.com/sponsors/sindresorhus"
            }
        },
        "node_modules/methods": {
            "version": "1.1.2",
            "license": "MIT",
            "engines": {
                "node": ">= 0.6"
            }
        },
        "node_modules/micromatch": {
            "version": "4.0.8",
            "resolved": "https://registry.npmjs.org/micromatch/-/micromatch-4.0.8.tgz",
            "integrity": "sha512-PXwfBhYu0hBCPw8Dn0E+WDYb7af3dSLVWKi3HGv84IdF4TyFoC0ysxFd0Goxw7nSv4T/PzEJQxsYsEiFCKo2BA==",
            "dependencies": {
                "braces": "^3.0.3",
                "picomatch": "^2.3.1"
            },
            "engines": {
                "node": ">=8.6"
            }
        },
        "node_modules/mime": {
            "version": "1.6.0",
            "resolved": "https://registry.npmjs.org/mime/-/mime-1.6.0.tgz",
            "integrity": "sha512-x0Vn8spI+wuJ1O6S7gnbaQg8Pxh4NNHb7KSINmEWKiPE4RKOplvijn+NkmYmmRgP68mc70j2EbeTFRsrswaQeg==",
            "bin": {
                "mime": "cli.js"
            },
            "engines": {
                "node": ">=4"
            }
        },
        "node_modules/mime-db": {
            "version": "1.52.0",
            "license": "MIT",
            "engines": {
                "node": ">= 0.6"
            }
        },
        "node_modules/mime-types": {
            "version": "2.1.35",
            "license": "MIT",
            "dependencies": {
                "mime-db": "1.52.0"
            },
            "engines": {
                "node": ">= 0.6"
            }
        },
        "node_modules/ms": {
            "version": "2.1.3",
            "license": "MIT"
        },
        "node_modules/negotiator": {
            "version": "0.6.3",
            "license": "MIT",
            "engines": {
                "node": ">= 0.6"
            }
        },
        "node_modules/object-assign": {
            "version": "4.1.1",
            "license": "MIT",
            "engines": {
                "node": ">=0.10.0"
            }
        },
        "node_modules/object-hash": {
            "version": "2.2.0",
            "license": "MIT",
            "engines": {
                "node": ">= 6"
            }
        },
        "node_modules/object-inspect": {
            "version": "1.13.1",
            "license": "MIT",
            "funding": {
                "url": "https://github.com/sponsors/ljharb"
            }
        },
        "node_modules/oidc-token-hash": {
            "version": "5.0.3",
            "license": "MIT",
            "engines": {
                "node": "^10.13.0 || >=12.0.0"
            }
        },
        "node_modules/on-finished": {
            "version": "2.4.1",
            "license": "MIT",
            "dependencies": {
                "ee-first": "1.1.1"
            },
            "engines": {
                "node": ">= 0.8"
            }
        },
        "node_modules/on-headers": {
            "version": "1.0.2",
            "license": "MIT",
            "engines": {
                "node": ">= 0.8"
            }
        },
        "node_modules/one-time": {
            "version": "1.0.0",
            "license": "MIT",
            "dependencies": {
                "fn.name": "1.x.x"
            }
        },
        "node_modules/openid-client": {
            "version": "5.6.5",
            "resolved": "https://registry.npmjs.org/openid-client/-/openid-client-5.6.5.tgz",
            "integrity": "sha512-5P4qO9nGJzB5PI0LFlhj4Dzg3m4odt0qsJTfyEtZyOlkgpILwEioOhVVJOrS1iVH494S4Ee5OCjjg6Bf5WOj3w==",
            "dependencies": {
                "jose": "^4.15.5",
                "lru-cache": "^6.0.0",
                "object-hash": "^2.2.0",
                "oidc-token-hash": "^5.0.3"
            },
            "funding": {
                "url": "https://github.com/sponsors/panva"
            }
        },
        "node_modules/parseurl": {
            "version": "1.3.3",
            "license": "MIT",
            "engines": {
                "node": ">= 0.8"
            }
        },
        "node_modules/passport": {
            "version": "0.7.0",
            "license": "MIT",
            "dependencies": {
                "passport-strategy": "1.x.x",
                "pause": "0.0.1",
                "utils-merge": "^1.0.1"
            },
            "engines": {
                "node": ">= 0.4.0"
            },
            "funding": {
                "type": "github",
                "url": "https://github.com/sponsors/jaredhanson"
            }
        },
        "node_modules/passport-strategy": {
            "version": "1.0.0",
            "engines": {
                "node": ">= 0.4.0"
            }
        },
        "node_modules/path-to-regexp": {
            "version": "0.1.10",
            "resolved": "https://registry.npmjs.org/path-to-regexp/-/path-to-regexp-0.1.10.tgz",
            "integrity": "sha512-7lf7qcQidTku0Gu3YDPc8DJ1q7OOucfa/BSsIwjuh56VU7katFvuM8hULfkwB3Fns/rsVF7PwPKVw1sl5KQS9w=="
        },
        "node_modules/pause": {
            "version": "0.0.1"
        },
        "node_modules/picomatch": {
            "version": "2.3.1",
            "resolved": "https://registry.npmjs.org/picomatch/-/picomatch-2.3.1.tgz",
            "integrity": "sha512-JU3teHTNjmE2VCGFzuY8EXzCDVwEqB2a8fsIvwaStHhAWJEeVd1o1QD80CU6+ZdEXXSLbSsuLwJjkCBWqRQUVA==",
            "engines": {
                "node": ">=8.6"
            },
            "funding": {
                "url": "https://github.com/sponsors/jonschlinkert"
            }
        },
        "node_modules/proxy-addr": {
            "version": "2.0.7",
            "license": "MIT",
            "dependencies": {
                "forwarded": "0.2.0",
                "ipaddr.js": "1.9.1"
            },
            "engines": {
                "node": ">= 0.10"
            }
        },
        "node_modules/proxy-from-env": {
            "version": "1.1.0",
            "license": "MIT"
        },
        "node_modules/qs": {
            "version": "6.11.0",
            "license": "BSD-3-Clause",
            "dependencies": {
                "side-channel": "^1.0.4"
            },
            "engines": {
                "node": ">=0.6"
            },
            "funding": {
                "url": "https://github.com/sponsors/ljharb"
            }
        },
        "node_modules/random-bytes": {
            "version": "1.0.0",
            "license": "MIT",
            "engines": {
                "node": ">= 0.8"
            }
        },
        "node_modules/range-parser": {
            "version": "1.2.1",
            "resolved": "https://registry.npmjs.org/range-parser/-/range-parser-1.2.1.tgz",
            "integrity": "sha512-Hrgsx+orqoygnmhFbKaHE6c296J+HTAQXoxEF6gNupROmmGJRoyzfG3ccAveqCBrwr/2yxQ5BVd/GTl5agOwSg==",
            "engines": {
                "node": ">= 0.6"
            }
        },
        "node_modules/raw-body": {
            "version": "2.5.2",
            "license": "MIT",
            "dependencies": {
                "bytes": "3.1.2",
                "http-errors": "2.0.0",
                "iconv-lite": "0.4.24",
                "unpipe": "1.0.0"
            },
            "engines": {
                "node": ">= 0.8"
            }
        },
        "node_modules/readable-stream": {
            "version": "3.6.2",
            "resolved": "https://registry.npmjs.org/readable-stream/-/readable-stream-3.6.2.tgz",
            "integrity": "sha512-9u/sniCrY3D5WdsERHzHE4G2YCXqoG5FTHUiCC4SIbr6XcLZBY05ya9EKjYek9O5xOAwjGq+1JdGBAS7Q9ScoA==",
            "dependencies": {
                "inherits": "^2.0.3",
                "string_decoder": "^1.1.1",
                "util-deprecate": "^1.0.1"
            },
            "engines": {
                "node": ">= 6"
            }
        },
        "node_modules/requires-port": {
            "version": "1.0.0",
            "license": "MIT"
        },
        "node_modules/safe-buffer": {
            "version": "5.2.1",
            "funding": [
                {
                    "type": "github",
                    "url": "https://github.com/sponsors/feross"
                },
                {
                    "type": "patreon",
                    "url": "https://www.patreon.com/feross"
                },
                {
                    "type": "consulting",
                    "url": "https://feross.org/support"
                }
            ],
            "license": "MIT"
        },
        "node_modules/safe-stable-stringify": {
            "version": "2.4.3",
            "resolved": "https://registry.npmjs.org/safe-stable-stringify/-/safe-stable-stringify-2.4.3.tgz",
            "integrity": "sha512-e2bDA2WJT0wxseVd4lsDP4+3ONX6HpMXQa1ZhFQ7SU+GjvORCmShbCMltrtIDfkYhVHrOcPtj+KhmDBdPdZD1g==",
            "engines": {
                "node": ">=10"
            }
        },
        "node_modules/safer-buffer": {
            "version": "2.1.2",
            "license": "MIT"
        },
        "node_modules/send": {
            "version": "0.19.0",
            "resolved": "https://registry.npmjs.org/send/-/send-0.19.0.tgz",
            "integrity": "sha512-dW41u5VfLXu8SJh5bwRmyYUbAoSB3c9uQh6L8h/KtsFREPWpbX1lrljJo186Jc4nmci/sGUZ9a0a0J2zgfq2hw==",
            "dependencies": {
                "debug": "2.6.9",
                "depd": "2.0.0",
                "destroy": "1.2.0",
                "encodeurl": "~1.0.2",
                "escape-html": "~1.0.3",
                "etag": "~1.8.1",
                "fresh": "0.5.2",
                "http-errors": "2.0.0",
                "mime": "1.6.0",
                "ms": "2.1.3",
                "on-finished": "2.4.1",
                "range-parser": "~1.2.1",
                "statuses": "2.0.1"
            },
            "engines": {
                "node": ">= 0.8.0"
            }
        },
        "node_modules/serve-static": {
            "version": "1.16.0",
            "resolved": "https://registry.npmjs.org/serve-static/-/serve-static-1.16.0.tgz",
            "integrity": "sha512-pDLK8zwl2eKaYrs8mrPZBJua4hMplRWJ1tIFksVC3FtBEBnl8dxgeHtsaMS8DhS9i4fLObaon6ABoc4/hQGdPA==",
            "dependencies": {
                "encodeurl": "~1.0.2",
                "escape-html": "~1.0.3",
                "parseurl": "~1.3.3",
                "send": "0.18.0"
            },
            "engines": {
                "node": ">= 0.8.0"
            }
        },
        "node_modules/serve-static/node_modules/send": {
            "version": "0.18.0",
            "resolved": "https://registry.npmjs.org/send/-/send-0.18.0.tgz",
            "integrity": "sha512-qqWzuOjSFOuqPjFe4NOsMLafToQQwBSOEpS+FwEt3A2V3vKubTquT3vmLTQpFgMXp8AlFWFuP1qKaJZOtPpVXg==",
            "dependencies": {
                "debug": "2.6.9",
                "depd": "2.0.0",
                "destroy": "1.2.0",
                "encodeurl": "~1.0.2",
                "escape-html": "~1.0.3",
                "etag": "~1.8.1",
                "fresh": "0.5.2",
                "http-errors": "2.0.0",
                "mime": "1.6.0",
                "ms": "2.1.3",
                "on-finished": "2.4.1",
                "range-parser": "~1.2.1",
                "statuses": "2.0.1"
            },
            "engines": {
                "node": ">= 0.8.0"
            }
        },
        "node_modules/set-function-length": {
            "version": "1.2.2",
            "resolved": "https://registry.npmjs.org/set-function-length/-/set-function-length-1.2.2.tgz",
            "integrity": "sha512-pgRc4hJ4/sNjWCSS9AmnS40x3bNMDTknHgL5UaMBTMyJnU90EgWh1Rz+MC9eFu4BuN/UwZjKQuY/1v3rM7HMfg==",
            "dependencies": {
                "define-data-property": "^1.1.4",
                "es-errors": "^1.3.0",
                "function-bind": "^1.1.2",
                "get-intrinsic": "^1.2.4",
                "gopd": "^1.0.1",
                "has-property-descriptors": "^1.0.2"
            },
            "engines": {
                "node": ">= 0.4"
            }
        },
        "node_modules/setprototypeof": {
            "version": "1.2.0",
            "license": "ISC"
        },
        "node_modules/side-channel": {
            "version": "1.0.6",
            "resolved": "https://registry.npmjs.org/side-channel/-/side-channel-1.0.6.tgz",
            "integrity": "sha512-fDW/EZ6Q9RiO8eFG8Hj+7u/oW+XrPTIChwCOM2+th2A6OblDtYYIpve9m+KvI9Z4C9qSEXlaGR6bTEYHReuglA==",
            "dependencies": {
                "call-bind": "^1.0.7",
                "es-errors": "^1.3.0",
                "get-intrinsic": "^1.2.4",
                "object-inspect": "^1.13.1"
            },
            "engines": {
                "node": ">= 0.4"
            },
            "funding": {
                "url": "https://github.com/sponsors/ljharb"
            }
        },
        "node_modules/simple-swizzle": {
            "version": "0.2.2",
            "license": "MIT",
            "dependencies": {
                "is-arrayish": "^0.3.1"
            }
        },
        "node_modules/stack-trace": {
            "version": "0.0.10",
            "license": "MIT",
            "engines": {
                "node": "*"
            }
        },
        "node_modules/statuses": {
            "version": "2.0.1",
            "license": "MIT",
            "engines": {
                "node": ">= 0.8"
            }
        },
        "node_modules/string_decoder": {
            "version": "1.3.0",
            "resolved": "https://registry.npmjs.org/string_decoder/-/string_decoder-1.3.0.tgz",
            "integrity": "sha512-hkRX8U1WjJFd8LsDJ2yQ/wWWxaopEsABU1XfkM8A+j0+85JAGppt16cr1Whg6KIbb4okU6Mql6BOj+uup/wKeA==",
            "dependencies": {
                "safe-buffer": "~5.2.0"
            }
        },
        "node_modules/text-hex": {
            "version": "1.0.0",
            "license": "MIT"
        },
        "node_modules/to-regex-range": {
            "version": "5.0.1",
            "resolved": "https://registry.npmjs.org/to-regex-range/-/to-regex-range-5.0.1.tgz",
            "integrity": "sha512-65P7iz6X5yEr1cwcgvQxbbIw7Uk3gOy5dIdtZ4rDveLqhrdJP+Li/Hx6tyK0NEb+2GCyneCMJiGqrADCSNk8sQ==",
            "dependencies": {
                "is-number": "^7.0.0"
            },
            "engines": {
                "node": ">=8.0"
            }
        },
        "node_modules/toidentifier": {
            "version": "1.0.1",
            "license": "MIT",
            "engines": {
                "node": ">=0.6"
            }
        },
        "node_modules/triple-beam": {
            "version": "1.4.1",
            "resolved": "https://registry.npmjs.org/triple-beam/-/triple-beam-1.4.1.tgz",
            "integrity": "sha512-aZbgViZrg1QNcG+LULa7nhZpJTZSLm/mXnHXnbAbjmN5aSa0y7V+wvv6+4WaBtpISJzThKy+PIPxc1Nq1EJ9mg==",
            "engines": {
                "node": ">= 14.0.0"
            }
        },
        "node_modules/tunnel": {
            "version": "0.0.6",
            "license": "MIT",
            "engines": {
                "node": ">=0.6.11 <=0.7.0 || >=0.7.3"
            }
        },
        "node_modules/type-is": {
            "version": "1.6.18",
            "license": "MIT",
            "dependencies": {
                "media-typer": "0.3.0",
                "mime-types": "~2.1.24"
            },
            "engines": {
                "node": ">= 0.6"
            }
        },
        "node_modules/uid-safe": {
            "version": "2.1.5",
            "license": "MIT",
            "dependencies": {
                "random-bytes": "~1.0.0"
            },
            "engines": {
                "node": ">= 0.8"
            }
        },
        "node_modules/undici-types": {
            "version": "6.19.8",
            "resolved": "https://registry.npmjs.org/undici-types/-/undici-types-6.19.8.tgz",
            "integrity": "sha512-ve2KP6f/JnbPBFyobGHuerC9g1FYGn/F8n1LWTwNxCEzd6IfqTwUQcNXgEtmmQ6DlRrC1hrSrBnCZPokRrDHjw=="
        },
        "node_modules/unpipe": {
            "version": "1.0.0",
            "license": "MIT",
            "engines": {
                "node": ">= 0.8"
            }
        },
        "node_modules/util-deprecate": {
            "version": "1.0.2",
            "resolved": "https://registry.npmjs.org/util-deprecate/-/util-deprecate-1.0.2.tgz",
            "integrity": "sha512-EPD5q1uXyFxJpCrLnCc1nHnq3gOa6DZBocAIiI2TaSCA7VCJ1UJDMagCzIkXNsUYfD1daK//LTEQ8xiIbrHtcw=="
        },
        "node_modules/utils-merge": {
            "version": "1.0.1",
            "license": "MIT",
            "engines": {
                "node": ">= 0.4.0"
            }
        },
        "node_modules/vary": {
            "version": "1.1.2",
            "license": "MIT",
            "engines": {
                "node": ">= 0.8"
            }
        },
        "node_modules/winston": {
            "version": "3.14.2",
            "resolved": "https://registry.npmjs.org/winston/-/winston-3.14.2.tgz",
            "integrity": "sha512-CO8cdpBB2yqzEf8v895L+GNKYJiEq8eKlHU38af3snQBQ+sdAIUepjMSguOIJC7ICbzm0ZI+Af2If4vIJrtmOg==",
            "dependencies": {
                "@colors/colors": "^1.6.0",
                "@dabh/diagnostics": "^2.0.2",
                "async": "^3.2.3",
                "is-stream": "^2.0.0",
                "logform": "^2.6.0",
                "one-time": "^1.0.0",
                "readable-stream": "^3.4.0",
                "safe-stable-stringify": "^2.3.1",
                "stack-trace": "0.0.x",
                "triple-beam": "^1.3.0",
                "winston-transport": "^4.7.0"
            },
            "engines": {
                "node": ">= 12.0.0"
            }
        },
        "node_modules/winston-transport": {
            "version": "4.7.0",
            "resolved": "https://registry.npmjs.org/winston-transport/-/winston-transport-4.7.0.tgz",
            "integrity": "sha512-ajBj65K5I7denzer2IYW6+2bNIVqLGDHqDw3Ow8Ohh+vdW+rv4MZ6eiDvHoKhfJFZ2auyN8byXieDDJ96ViONg==",
            "dependencies": {
                "logform": "^2.3.2",
                "readable-stream": "^3.6.0",
                "triple-beam": "^1.3.0"
            },
            "engines": {
                "node": ">= 12.0.0"
            }
        },
        "node_modules/yallist": {
            "version": "4.0.0",
            "license": "ISC"
        }
    }
}
